
Microsoft Visual Studio Solution File, Format Version 12.00
# Visual Studio Version 16
VisualStudioVersion = 16.0.29123.88
MinimumVisualStudioVersion = 10.0.40219.1
Project("{9A19103F-16F7-4668-BE54-9A1E7A4F7556}") = "Reddnet.Web", "Reddnet\Reddnet.Web.csproj", "{CC84560F-0741-4F4C-A62B-DE2D4F1688DC}"
EndProject
Project("{9A19103F-16F7-4668-BE54-9A1E7A4F7556}") = "Reddnet.Core", "Reddnet.Core\Reddnet.Core.csproj", "{939B58AA-A84F-44D2-AC6A-21182C9DACF7}"
EndProject
Project("{9A19103F-16F7-4668-BE54-9A1E7A4F7556}") = "Reddnet.DataAccess", "Reddnet.DataAccess\Reddnet.DataAccess.csproj", "{F2483FFF-3EDD-4E97-A49E-84062C3B1A27}"
EndProject
Global
	GlobalSection(SolutionConfigurationPlatforms) = preSolution
		Debug|Any CPU = Debug|Any CPU
		Release|Any CPU = Release|Any CPU
	EndGlobalSection
	GlobalSection(ProjectConfigurationPlatforms) = postSolution
		{CC84560F-0741-4F4C-A62B-DE2D4F1688DC}.Debug|Any CPU.ActiveCfg = Debug|Any CPU
		{CC84560F-0741-4F4C-A62B-DE2D4F1688DC}.Debug|Any CPU.Build.0 = Debug|Any CPU
		{CC84560F-0741-4F4C-A62B-DE2D4F1688DC}.Release|Any CPU.ActiveCfg = Release|Any CPU
		{CC84560F-0741-4F4C-A62B-DE2D4F1688DC}.Release|Any CPU.Build.0 = Release|Any CPU
		{939B58AA-A84F-44D2-AC6A-21182C9DACF7}.Debug|Any CPU.ActiveCfg = Debug|Any CPU
		{939B58AA-A84F-44D2-AC6A-21182C9DACF7}.Debug|Any CPU.Build.0 = Debug|Any CPU
		{939B58AA-A84F-44D2-AC6A-21182C9DACF7}.Release|Any CPU.ActiveCfg = Release|Any CPU
		{939B58AA-A84F-44D2-AC6A-21182C9DACF7}.Release|Any CPU.Build.0 = Release|Any CPU
		{F2483FFF-3EDD-4E97-A49E-84062C3B1A27}.Debug|Any CPU.ActiveCfg = Debug|Any CPU
		{F2483FFF-3EDD-4E97-A49E-84062C3B1A27}.Debug|Any CPU.Build.0 = Debug|Any CPU
		{F2483FFF-3EDD-4E97-A49E-84062C3B1A27}.Release|Any CPU.ActiveCfg = Release|Any CPU
		{F2483FFF-3EDD-4E97-A49E-84062C3B1A27}.Release|Any CPU.Build.0 = Release|Any CPU
	EndGlobalSection
	GlobalSection(SolutionProperties) = preSolution
		HideSolutionNode = FALSE
	EndGlobalSection
	GlobalSection(ExtensibilityGlobals) = postSolution
		SolutionGuid = {C03BA92F-66A0-454D-9ED3-0D3925294092}
	EndGlobalSection
EndGlobal
